
Microsoft Visual Studio Solution File, Format Version 12.00
# Visual Studio Version 17
VisualStudioVersion = 17.3.32825.248
MinimumVisualStudioVersion = 10.0.40219.1
Project("{FAE04EC0-301F-11D3-BF4B-00C04F79EFBC}") = "Pong", "Pong\Pong.csproj", "{E13A2C63-DBE9-4844-82AA-FE3EF57EE50B}"
EndProject
Global
	GlobalSection(SolutionConfigurationPlatforms) = preSolution
		Debug|Any CPU = Debug|Any CPU
		Release|Any CPU = Release|Any CPU
	EndGlobalSection
	GlobalSection(ProjectConfigurationPlatforms) = postSolution
		{E13A2C63-DBE9-4844-82AA-FE3EF57EE50B}.Debug|Any CPU.ActiveCfg = Debug|Any CPU
		{E13A2C63-DBE9-4844-82AA-FE3EF57EE50B}.Debug|Any CPU.Build.0 = Debug|Any CPU
		{E13A2C63-DBE9-4844-82AA-FE3EF57EE50B}.Release|Any CPU.ActiveCfg = Release|Any CPU
		{E13A2C63-DBE9-4844-82AA-FE3EF57EE50B}.Release|Any CPU.Build.0 = Release|Any CPU
	EndGlobalSection
	GlobalSection(SolutionProperties) = preSolution
		HideSolutionNode = FALSE
	EndGlobalSection
	GlobalSection(ExtensibilityGlobals) = postSolution
		SolutionGuid = {3381AFC3-1FF5-4CC6-ADA7-882667039839}
	EndGlobalSection
EndGlobal
